
Microsoft Visual Studio Solution File, Format Version 12.00
# Visual Studio Version 17
VisualStudioVersion = 17.8.34330.188
MinimumVisualStudioVersion = 10.0.40219.1
Project("{FAE04EC0-301F-11D3-BF4B-00C04F79EFBC}") = "Saper", "Saper\Saper.csproj", "{BAFE39E1-7484-4006-909A-3DF0989F2A92}"
EndProject
Global
	GlobalSection(SolutionConfigurationPlatforms) = preSolution
		Debug|Any CPU = Debug|Any CPU
		Release|Any CPU = Release|Any CPU
	EndGlobalSection
	GlobalSection(ProjectConfigurationPlatforms) = postSolution
		{BAFE39E1-7484-4006-909A-3DF0989F2A92}.Debug|Any CPU.ActiveCfg = Debug|Any CPU
		{BAFE39E1-7484-4006-909A-3DF0989F2A92}.Debug|Any CPU.Build.0 = Debug|Any CPU
		{BAFE39E1-7484-4006-909A-3DF0989F2A92}.Release|Any CPU.ActiveCfg = Release|Any CPU
		{BAFE39E1-7484-4006-909A-3DF0989F2A92}.Release|Any CPU.Build.0 = Release|Any CPU
	EndGlobalSection
	GlobalSection(SolutionProperties) = preSolution
		HideSolutionNode = FALSE
	EndGlobalSection
	GlobalSection(ExtensibilityGlobals) = postSolution
		SolutionGuid = {82181FED-4AA9-4D56-9AAE-BBE7CB8108DA}
	EndGlobalSection
EndGlobal
